// !$*UTF8*$!
{
	archiveVersion = 1;
	classes = {
	};
	objectVersion = 46;
	objects = {

/* Begin PBXBuildFile section */
		7EE801E31D180A900081740E /* AppDelegate.swift in Sources */ = {isa = PBXBuildFile; fileRef = 7EE801E21D180A900081740E /* AppDelegate.swift */; };
		7EE801E81D180A900081740E /* Main.storyboard in Resources */ = {isa = PBXBuildFile; fileRef = 7EE801E61D180A900081740E /* Main.storyboard */; };
		7EE801EA1D180A900081740E /* Assets.xcassets in Resources */ = {isa = PBXBuildFile; fileRef = 7EE801E91D180A900081740E /* Assets.xcassets */; };
		7EE801ED1D180A900081740E /* LaunchScreen.storyboard in Resources */ = {isa = PBXBuildFile; fileRef = 7EE801EB1D180A900081740E /* LaunchScreen.storyboard */; };
		7EE801F81D180A900081740E /* ConverterTests.swift in Sources */ = {isa = PBXBuildFile; fileRef = 7EE801F71D180A900081740E /* ConverterTests.swift */; };
		7EE802031D180A900081740E /* ConverterUITests.swift in Sources */ = {isa = PBXBuildFile; fileRef = 7EE802021D180A900081740E /* ConverterUITests.swift */; };
		7EE802121D18103D0081740E /* ConverterViewController.swift in Sources */ = {isa = PBXBuildFile; fileRef = 7EE802111D18103D0081740E /* ConverterViewController.swift */; };
		7EE802141D1811D20081740E /* ConverterDataSource.swift in Sources */ = {isa = PBXBuildFile; fileRef = 7EE802131D1811D20081740E /* ConverterDataSource.swift */; };
		7EE802251D193BDE0081740E /* ActivityView.xib in Resources */ = {isa = PBXBuildFile; fileRef = 7EE802241D193BDE0081740E /* ActivityView.xib */; };
		7EE802271D193C1C0081740E /* ActivityView.swift in Sources */ = {isa = PBXBuildFile; fileRef = 7EE802261D193C1C0081740E /* ActivityView.swift */; };
		7EE8022A1D1BD2930081740E /* BorderedButton.swift in Sources */ = {isa = PBXBuildFile; fileRef = 7EE802291D1BD2930081740E /* BorderedButton.swift */; };
		7EE8022C1D1BD3720081740E /* DisclosureButton.swift in Sources */ = {isa = PBXBuildFile; fileRef = 7EE8022B1D1BD3720081740E /* DisclosureButton.swift */; };
		7EE802311D1C2BB20081740E /* StringExtension.swift in Sources */ = {isa = PBXBuildFile; fileRef = 7EE802301D1C2BB20081740E /* StringExtension.swift */; };
/* End PBXBuildFile section */

/* Begin PBXContainerItemProxy section */
		7EE801F41D180A900081740E /* PBXContainerItemProxy */ = {
			isa = PBXContainerItemProxy;
			containerPortal = 7EE801D71D180A900081740E /* Project object */;
			proxyType = 1;
			remoteGlobalIDString = 7EE801DE1D180A900081740E;
			remoteInfo = Converter;
		};
		7EE801FF1D180A900081740E /* PBXContainerItemProxy */ = {
			isa = PBXContainerItemProxy;
			containerPortal = 7EE801D71D180A900081740E /* Project object */;
			proxyType = 1;
			remoteGlobalIDString = 7EE801DE1D180A900081740E;
			remoteInfo = Converter;
		};
/* End PBXContainerItemProxy section */

/* Begin PBXFileReference section */
		7EE801DF1D180A900081740E /* Converter.app */ = {isa = PBXFileReference; explicitFileType = wrapper.application; includeInIndex = 0; path = Converter.app; sourceTree = BUILT_PRODUCTS_DIR; };
		7EE801E21D180A900081740E /* AppDelegate.swift */ = {isa = PBXFileReference; lastKnownFileType = sourcecode.swift; path = AppDelegate.swift; sourceTree = "<group>"; };
		7EE801E71D180A900081740E /* Base */ = {isa = PBXFileReference; lastKnownFileType = file.storyboard; name = Base; path = Base.lproj/Main.storyboard; sourceTree = "<group>"; };
		7EE801E91D180A900081740E /* Assets.xcassets */ = {isa = PBXFileReference; lastKnownFileType = folder.assetcatalog; path = Assets.xcassets; sourceTree = "<group>"; };
		7EE801EC1D180A900081740E /* Base */ = {isa = PBXFileReference; lastKnownFileType = file.storyboard; name = Base; path = Base.lproj/LaunchScreen.storyboard; sourceTree = "<group>"; };
		7EE801EE1D180A900081740E /* Info.plist */ = {isa = PBXFileReference; lastKnownFileType = text.plist.xml; path = Info.plist; sourceTree = "<group>"; };
		7EE801F31D180A900081740E /* ConverterTests.xctest */ = {isa = PBXFileReference; explicitFileType = wrapper.cfbundle; includeInIndex = 0; path = ConverterTests.xctest; sourceTree = BUILT_PRODUCTS_DIR; };
		7EE801F71D180A900081740E /* ConverterTests.swift */ = {isa = PBXFileReference; lastKnownFileType = sourcecode.swift; path = ConverterTests.swift; sourceTree = "<group>"; };
		7EE801F91D180A900081740E /* Info.plist */ = {isa = PBXFileReference; lastKnownFileType = text.plist.xml; path = Info.plist; sourceTree = "<group>"; };
		7EE801FE1D180A900081740E /* ConverterUITests.xctest */ = {isa = PBXFileReference; explicitFileType = wrapper.cfbundle; includeInIndex = 0; path = ConverterUITests.xctest; sourceTree = BUILT_PRODUCTS_DIR; };
		7EE802021D180A900081740E /* ConverterUITests.swift */ = {isa = PBXFileReference; lastKnownFileType = sourcecode.swift; path = ConverterUITests.swift; sourceTree = "<group>"; };
		7EE802041D180A900081740E /* Info.plist */ = {isa = PBXFileReference; lastKnownFileType = text.plist.xml; path = Info.plist; sourceTree = "<group>"; };
		7EE802111D18103D0081740E /* ConverterViewController.swift */ = {isa = PBXFileReference; fileEncoding = 4; lastKnownFileType = sourcecode.swift; path = ConverterViewController.swift; sourceTree = "<group>"; };
		7EE802131D1811D20081740E /* ConverterDataSource.swift */ = {isa = PBXFileReference; fileEncoding = 4; lastKnownFileType = sourcecode.swift; path = ConverterDataSource.swift; sourceTree = "<group>"; };
		7EE802241D193BDE0081740E /* ActivityView.xib */ = {isa = PBXFileReference; fileEncoding = 4; lastKnownFileType = file.xib; path = ActivityView.xib; sourceTree = "<group>"; };
		7EE802261D193C1C0081740E /* ActivityView.swift */ = {isa = PBXFileReference; fileEncoding = 4; lastKnownFileType = sourcecode.swift; path = ActivityView.swift; sourceTree = "<group>"; };
		7EE802291D1BD2930081740E /* BorderedButton.swift */ = {isa = PBXFileReference; fileEncoding = 4; lastKnownFileType = sourcecode.swift; path = BorderedButton.swift; sourceTree = "<group>"; };
		7EE8022B1D1BD3720081740E /* DisclosureButton.swift */ = {isa = PBXFileReference; fileEncoding = 4; lastKnownFileType = sourcecode.swift; path = DisclosureButton.swift; sourceTree = "<group>"; };
		7EE802301D1C2BB20081740E /* StringExtension.swift */ = {isa = PBXFileReference; fileEncoding = 4; lastKnownFileType = sourcecode.swift; path = StringExtension.swift; sourceTree = "<group>"; };
/* End PBXFileReference section */

/* Begin PBXFrameworksBuildPhase section */
		7EE801DC1D180A900081740E /* Frameworks */ = {
			isa = PBXFrameworksBuildPhase;
			buildActionMask = 2147483647;
			files = (
			);
			runOnlyForDeploymentPostprocessing = 0;
		};
		7EE801F01D180A900081740E /* Frameworks */ = {
			isa = PBXFrameworksBuildPhase;
			buildActionMask = 2147483647;
			files = (
			);
			runOnlyForDeploymentPostprocessing = 0;
		};
		7EE801FB1D180A900081740E /* Frameworks */ = {
			isa = PBXFrameworksBuildPhase;
			buildActionMask = 2147483647;
			files = (
			);
			runOnlyForDeploymentPostprocessing = 0;
		};
/* End PBXFrameworksBuildPhase section */

/* Begin PBXGroup section */
		7EE801D61D180A900081740E = {
			isa = PBXGroup;
			children = (
				7EE801E11D180A900081740E /* Converter */,
				7EE801F61D180A900081740E /* ConverterTests */,
				7EE802011D180A900081740E /* ConverterUITests */,
				7EE801E01D180A900081740E /* Products */,
			);
			sourceTree = "<group>";
		};
		7EE801E01D180A900081740E /* Products */ = {
			isa = PBXGroup;
			children = (
				7EE801DF1D180A900081740E /* Converter.app */,
				7EE801F31D180A900081740E /* ConverterTests.xctest */,
				7EE801FE1D180A900081740E /* ConverterUITests.xctest */,
			);
			name = Products;
			sourceTree = "<group>";
		};
		7EE801E11D180A900081740E /* Converter */ = {
			isa = PBXGroup;
			children = (
				7EE802111D18103D0081740E /* ConverterViewController.swift */,
				7EE802131D1811D20081740E /* ConverterDataSource.swift */,
				7EE801E61D180A900081740E /* Main.storyboard */,
				7EE8022D1D1C2B7A0081740E /* Extensions */,
				7EE802281D1BD2810081740E /* Views */,
				7EE802101D180B070081740E /* Support */,
			);
			path = Converter;
			sourceTree = "<group>";
		};
		7EE801F61D180A900081740E /* ConverterTests */ = {
			isa = PBXGroup;
			children = (
				7EE801F71D180A900081740E /* ConverterTests.swift */,
				7EE801F91D180A900081740E /* Info.plist */,
			);
			path = ConverterTests;
			sourceTree = "<group>";
		};
		7EE802011D180A900081740E /* ConverterUITests */ = {
			isa = PBXGroup;
			children = (
				7EE802021D180A900081740E /* ConverterUITests.swift */,
				7EE802041D180A900081740E /* Info.plist */,
			);
			path = ConverterUITests;
			sourceTree = "<group>";
		};
		7EE802101D180B070081740E /* Support */ = {
			isa = PBXGroup;
			children = (
				7EE801E21D180A900081740E /* AppDelegate.swift */,
				7EE801E91D180A900081740E /* Assets.xcassets */,
				7EE801EB1D180A900081740E /* LaunchScreen.storyboard */,
				7EE801EE1D180A900081740E /* Info.plist */,
			);
			name = Support;
			sourceTree = "<group>";
		};
		7EE8021B1D19303B0081740E /* ActivityView */ = {
			isa = PBXGroup;
			children = (
				7EE802241D193BDE0081740E /* ActivityView.xib */,
				7EE802261D193C1C0081740E /* ActivityView.swift */,
			);
			name = ActivityView;
			sourceTree = "<group>";
		};
		7EE802281D1BD2810081740E /* Views */ = {
			isa = PBXGroup;
			children = (
				7EE8022B1D1BD3720081740E /* DisclosureButton.swift */,
				7EE802291D1BD2930081740E /* BorderedButton.swift */,
				7EE8021B1D19303B0081740E /* ActivityView */,
			);
			name = Views;
			sourceTree = "<group>";
		};
		7EE8022D1D1C2B7A0081740E /* Extensions */ = {
			isa = PBXGroup;
			children = (
				7EE802301D1C2BB20081740E /* StringExtension.swift */,
			);
			name = Extensions;
			sourceTree = "<group>";
		};
/* End PBXGroup section */

/* Begin PBXNativeTarget section */
		7EE801DE1D180A900081740E /* Converter */ = {
			isa = PBXNativeTarget;
			buildConfigurationList = 7EE802071D180A900081740E /* Build configuration list for PBXNativeTarget "Converter" */;
			buildPhases = (
				7EE801DB1D180A900081740E /* Sources */,
				7EE801DC1D180A900081740E /* Frameworks */,
				7EE801DD1D180A900081740E /* Resources */,
			);
			buildRules = (
			);
			dependencies = (
			);
			name = Converter;
			productName = Converter;
			productReference = 7EE801DF1D180A900081740E /* Converter.app */;
			productType = "com.apple.product-type.application";
		};
		7EE801F21D180A900081740E /* ConverterTests */ = {
			isa = PBXNativeTarget;
			buildConfigurationList = 7EE8020A1D180A900081740E /* Build configuration list for PBXNativeTarget "ConverterTests" */;
			buildPhases = (
				7EE801EF1D180A900081740E /* Sources */,
				7EE801F01D180A900081740E /* Frameworks */,
				7EE801F11D180A900081740E /* Resources */,
			);
			buildRules = (
			);
			dependencies = (
				7EE801F51D180A900081740E /* PBXTargetDependency */,
			);
			name = ConverterTests;
			productName = ConverterTests;
			productReference = 7EE801F31D180A900081740E /* ConverterTests.xctest */;
			productType = "com.apple.product-type.bundle.unit-test";
		};
		7EE801FD1D180A900081740E /* ConverterUITests */ = {
			isa = PBXNativeTarget;
			buildConfigurationList = 7EE8020D1D180A900081740E /* Build configuration list for PBXNativeTarget "ConverterUITests" */;
			buildPhases = (
				7EE801FA1D180A900081740E /* Sources */,
				7EE801FB1D180A900081740E /* Frameworks */,
				7EE801FC1D180A900081740E /* Resources */,
			);
			buildRules = (
			);
			dependencies = (
				7EE802001D180A900081740E /* PBXTargetDependency */,
			);
			name = ConverterUITests;
			productName = ConverterUITests;
			productReference = 7EE801FE1D180A900081740E /* ConverterUITests.xctest */;
			productType = "com.apple.product-type.bundle.ui-testing";
		};
/* End PBXNativeTarget section */

/* Begin PBXProject section */
		7EE801D71D180A900081740E /* Project object */ = {
			isa = PBXProject;
			attributes = {
				LastSwiftUpdateCheck = 0730;
				LastUpgradeCheck = 0730;
				ORGANIZATIONNAME = "Владимир Мельников";
				TargetAttributes = {
					7EE801DE1D180A900081740E = {
						CreatedOnToolsVersion = 7.3.1;
						DevelopmentTeam = Z6XKBPL9R9;
					};
					7EE801F21D180A900081740E = {
						CreatedOnToolsVersion = 7.3.1;
						TestTargetID = 7EE801DE1D180A900081740E;
					};
					7EE801FD1D180A900081740E = {
						CreatedOnToolsVersion = 7.3.1;
						TestTargetID = 7EE801DE1D180A900081740E;
					};
				};
			};
			buildConfigurationList = 7EE801DA1D180A900081740E /* Build configuration list for PBXProject "Converter" */;
			compatibilityVersion = "Xcode 3.2";
			developmentRegion = English;
			hasScannedForEncodings = 0;
			knownRegions = (
				en,
				Base,
			);
			mainGroup = 7EE801D61D180A900081740E;
			productRefGroup = 7EE801E01D180A900081740E /* Products */;
			projectDirPath = "";
			projectRoot = "";
			targets = (
				7EE801DE1D180A900081740E /* Converter */,
				7EE801F21D180A900081740E /* ConverterTests */,
				7EE801FD1D180A900081740E /* ConverterUITests */,
			);
		};
/* End PBXProject section */

/* Begin PBXResourcesBuildPhase section */
		7EE801DD1D180A900081740E /* Resources */ = {
			isa = PBXResourcesBuildPhase;
			buildActionMask = 2147483647;
			files = (
				7EE801ED1D180A900081740E /* LaunchScreen.storyboard in Resources */,
				7EE802251D193BDE0081740E /* ActivityView.xib in Resources */,
				7EE801EA1D180A900081740E /* Assets.xcassets in Resources */,
				7EE801E81D180A900081740E /* Main.storyboard in Resources */,
			);
			runOnlyForDeploymentPostprocessing = 0;
		};
		7EE801F11D180A900081740E /* Resources */ = {
			isa = PBXResourcesBuildPhase;
			buildActionMask = 2147483647;
			files = (
			);
			runOnlyForDeploymentPostprocessing = 0;
		};
		7EE801FC1D180A900081740E /* Resources */ = {
			isa = PBXResourcesBuildPhase;
			buildActionMask = 2147483647;
			files = (
			);
			runOnlyForDeploymentPostprocessing = 0;
		};
/* End PBXResourcesBuildPhase section */

/* Begin PBXSourcesBuildPhase section */
		7EE801DB1D180A900081740E /* Sources */ = {
			isa = PBXSourcesBuildPhase;
			buildActionMask = 2147483647;
			files = (
				7EE8022A1D1BD2930081740E /* BorderedButton.swift in Sources */,
				7EE802311D1C2BB20081740E /* StringExtension.swift in Sources */,
				7EE801E31D180A900081740E /* AppDelegate.swift in Sources */,
				7EE8022C1D1BD3720081740E /* DisclosureButton.swift in Sources */,
				7EE802271D193C1C0081740E /* ActivityView.swift in Sources */,
				7EE802121D18103D0081740E /* ConverterViewController.swift in Sources */,
				7EE802141D1811D20081740E /* ConverterDataSource.swift in Sources */,
			);
			runOnlyForDeploymentPostprocessing = 0;
		};
		7EE801EF1D180A900081740E /* Sources */ = {
			isa = PBXSourcesBuildPhase;
			buildActionMask = 2147483647;
			files = (
				7EE801F81D180A900081740E /* ConverterTests.swift in Sources */,
			);
			runOnlyForDeploymentPostprocessing = 0;
		};
		7EE801FA1D180A900081740E /* Sources */ = {
			isa = PBXSourcesBuildPhase;
			buildActionMask = 2147483647;
			files = (
				7EE802031D180A900081740E /* ConverterUITests.swift in Sources */,
			);
			runOnlyForDeploymentPostprocessing = 0;
		};
/* End PBXSourcesBuildPhase section */

/* Begin PBXTargetDependency section */
		7EE801F51D180A900081740E /* PBXTargetDependency */ = {
			isa = PBXTargetDependency;
			target = 7EE801DE1D180A900081740E /* Converter */;
			targetProxy = 7EE801F41D180A900081740E /* PBXContainerItemProxy */;
		};
		7EE802001D180A900081740E /* PBXTargetDependency */ = {
			isa = PBXTargetDependency;
			target = 7EE801DE1D180A900081740E /* Converter */;
			targetProxy = 7EE801FF1D180A900081740E /* PBXContainerItemProxy */;
		};
/* End PBXTargetDependency section */

/* Begin PBXVariantGroup section */
		7EE801E61D180A900081740E /* Main.storyboard */ = {
			isa = PBXVariantGroup;
			children = (
				7EE801E71D180A900081740E /* Base */,
			);
			name = Main.storyboard;
			sourceTree = "<group>";
		};
		7EE801EB1D180A900081740E /* LaunchScreen.storyboard */ = {
			isa = PBXVariantGroup;
			children = (
				7EE801EC1D180A900081740E /* Base */,
			);
			name = LaunchScreen.storyboard;
			sourceTree = "<group>";
		};
/* End PBXVariantGroup section */

/* Begin XCBuildConfiguration section */
		7EE802051D180A900081740E /* Debug */ = {
			isa = XCBuildConfiguration;
			buildSettings = {
				ALWAYS_SEARCH_USER_PATHS = NO;
				CLANG_ANALYZER_NONNULL = YES;
				CLANG_CXX_LANGUAGE_STANDARD = "gnu++0x";
				CLANG_CXX_LIBRARY = "libc++";
				CLANG_ENABLE_MODULES = YES;
				CLANG_ENABLE_OBJC_ARC = YES;
				CLANG_WARN_BOOL_CONVERSION = YES;
				CLANG_WARN_CONSTANT_CONVERSION = YES;
				CLANG_WARN_DIRECT_OBJC_ISA_USAGE = YES_ERROR;
				CLANG_WARN_EMPTY_BODY = YES;
				CLANG_WARN_ENUM_CONVERSION = YES;
				CLANG_WARN_INT_CONVERSION = YES;
				CLANG_WARN_OBJC_ROOT_CLASS = YES_ERROR;
				CLANG_WARN_UNREACHABLE_CODE = YES;
				CLANG_WARN__DUPLICATE_METHOD_MATCH = YES;
				"CODE_SIGN_IDENTITY[sdk=iphoneos*]" = "iPhone Developer";
				COPY_PHASE_STRIP = NO;
				DEBUG_INFORMATION_FORMAT = dwarf;
				ENABLE_STRICT_OBJC_MSGSEND = YES;
				ENABLE_TESTABILITY = YES;
				GCC_C_LANGUAGE_STANDARD = gnu99;
				GCC_DYNAMIC_NO_PIC = NO;
				GCC_NO_COMMON_BLOCKS = YES;
				GCC_OPTIMIZATION_LEVEL = 0;
				GCC_PREPROCESSOR_DEFINITIONS = (
					"DEBUG=1",
					"$(inherited)",
				);
				GCC_WARN_64_TO_32_BIT_CONVERSION = YES;
				GCC_WARN_ABOUT_RETURN_TYPE = YES_ERROR;
				GCC_WARN_UNDECLARED_SELECTOR = YES;
				GCC_WARN_UNINITIALIZED_AUTOS = YES_AGGRESSIVE;
				GCC_WARN_UNUSED_FUNCTION = YES;
				GCC_WARN_UNUSED_VARIABLE = YES;
				IPHONEOS_DEPLOYMENT_TARGET = 9.3;
				MTL_ENABLE_DEBUG_INFO = YES;
				ONLY_ACTIVE_ARCH = YES;
				SDKROOT = iphoneos;
				SWIFT_OPTIMIZATION_LEVEL = "-Onone";
				TARGETED_DEVICE_FAMILY = "1,2";
			};
			name = Debug;
		};
		7EE802061D180A900081740E /* Release */ = {
			isa = XCBuildConfiguration;
			buildSettings = {
				ALWAYS_SEARCH_USER_PATHS = NO;
				CLANG_ANALYZER_NONNULL = YES;
				CLANG_CXX_LANGUAGE_STANDARD = "gnu++0x";
				CLANG_CXX_LIBRARY = "libc++";
				CLANG_ENABLE_MODULES = YES;
				CLANG_ENABLE_OBJC_ARC = YES;
				CLANG_WARN_BOOL_CONVERSION = YES;
				CLANG_WARN_CONSTANT_CONVERSION = YES;
				CLANG_WARN_DIRECT_OBJC_ISA_USAGE = YES_ERROR;
				CLANG_WARN_EMPTY_BODY = YES;
				CLANG_WARN_ENUM_CONVERSION = YES;
				CLANG_WARN_INT_CONVERSION = YES;
				CLANG_WARN_OBJC_ROOT_CLASS = YES_ERROR;
				CLANG_WARN_UNREACHABLE_CODE = YES;
				CLANG_WARN__DUPLICATE_METHOD_MATCH = YES;
				"CODE_SIGN_IDENTITY[sdk=iphoneos*]" = "iPhone Developer";
				COPY_PHASE_STRIP = NO;
				DEBUG_INFORMATION_FORMAT = "dwarf-with-dsym";
				ENABLE_NS_ASSERTIONS = NO;
				ENABLE_STRICT_OBJC_MSGSEND = YES;
				GCC_C_LANGUAGE_STANDARD = gnu99;
				GCC_NO_COMMON_BLOCKS = YES;
				GCC_WARN_64_TO_32_BIT_CONVERSION = YES;
				GCC_WARN_ABOUT_RETURN_TYPE = YES_ERROR;
				GCC_WARN_UNDECLARED_SELECTOR = YES;
				GCC_WARN_UNINITIALIZED_AUTOS = YES_AGGRESSIVE;
				GCC_WARN_UNUSED_FUNCTION = YES;
				GCC_WARN_UNUSED_VARIABLE = YES;
				IPHONEOS_DEPLOYMENT_TARGET = 9.3;
				MTL_ENABLE_DEBUG_INFO = NO;
				SDKROOT = iphoneos;
				TARGETED_DEVICE_FAMILY = "1,2";
				VALIDATE_PRODUCT = YES;
			};
			name = Release;
		};
		7EE802081D180A900081740E /* Debug */ = {
			isa = XCBuildConfiguration;
			buildSettings = {
				ASSETCATALOG_COMPILER_APPICON_NAME = AppIcon;
				CODE_SIGN_IDENTITY = "iPhone Developer";
				"CODE_SIGN_IDENTITY[sdk=iphoneos*]" = "iPhone Developer";
				INFOPLIST_FILE = Converter/Info.plist;
				LD_RUNPATH_SEARCH_PATHS = "$(inherited) @executable_path/Frameworks";
				PRODUCT_BUNDLE_IDENTIFIER = com.vlmlnkv.Converter;
				PRODUCT_NAME = "$(TARGET_NAME)";
				PROVISIONING_PROFILE = "";
			};
			name = Debug;
		};
		7EE802091D180A900081740E /* Release */ = {
			isa = XCBuildConfiguration;
			buildSettings = {
				ASSETCATALOG_COMPILER_APPICON_NAME = AppIcon;
				CODE_SIGN_IDENTITY = "iPhone Developer";
				"CODE_SIGN_IDENTITY[sdk=iphoneos*]" = "iPhone Developer";
				INFOPLIST_FILE = Converter/Info.plist;
				LD_RUNPATH_SEARCH_PATHS = "$(inherited) @executable_path/Frameworks";
				PRODUCT_BUNDLE_IDENTIFIER = com.vlmlnkv.Converter;
				PRODUCT_NAME = "$(TARGET_NAME)";
				PROVISIONING_PROFILE = "";
			};
			name = Release;
		};
		7EE8020B1D180A900081740E /* Debug */ = {
			isa = XCBuildConfiguration;
			buildSettings = {
				BUNDLE_LOADER = "$(TEST_HOST)";
				INFOPLIST_FILE = ConverterTests/Info.plist;
				LD_RUNPATH_SEARCH_PATHS = "$(inherited) @executable_path/Frameworks @loader_path/Frameworks";
				PRODUCT_BUNDLE_IDENTIFIER = com.vlmlnkv.ConverterTests;
				PRODUCT_NAME = "$(TARGET_NAME)";
				TEST_HOST = "$(BUILT_PRODUCTS_DIR)/Converter.app/Converter";
			};
			name = Debug;
		};
		7EE8020C1D180A900081740E /* Release */ = {
			isa = XCBuildConfiguration;
			buildSettings = {
				BUNDLE_LOADER = "$(TEST_HOST)";
				INFOPLIST_FILE = ConverterTests/Info.plist;
				LD_RUNPATH_SEARCH_PATHS = "$(inherited) @executable_path/Frameworks @loader_path/Frameworks";
				PRODUCT_BUNDLE_IDENTIFIER = com.vlmlnkv.ConverterTests;
				PRODUCT_NAME = "$(TARGET_NAME)";
				TEST_HOST = "$(BUILT_PRODUCTS_DIR)/Converter.app/Converter";
			};
			name = Release;
		};
		7EE8020E1D180A900081740E /* Debug */ = {
			isa = XCBuildConfiguration;
			buildSettings = {
				INFOPLIST_FILE = ConverterUITests/Info.plist;
				LD_RUNPATH_SEARCH_PATHS = "$(inherited) @executable_path/Frameworks @loader_path/Frameworks";
				PRODUCT_BUNDLE_IDENTIFIER = com.vlmlnkv.ConverterUITests;
				PRODUCT_NAME = "$(TARGET_NAME)";
				TEST_TARGET_NAME = Converter;
			};
			name = Debug;
		};
		7EE8020F1D180A900081740E /* Release */ = {
			isa = XCBuildConfiguration;
			buildSettings = {
				INFOPLIST_FILE = ConverterUITests/Info.plist;
				LD_RUNPATH_SEARCH_PATHS = "$(inherited) @executable_path/Frameworks @loader_path/Frameworks";
				PRODUCT_BUNDLE_IDENTIFIER = com.vlmlnkv.ConverterUITests;
				PRODUCT_NAME = "$(TARGET_NAME)";
				TEST_TARGET_NAME = Converter;
			};
			name = Release;
		};
/* End XCBuildConfiguration section */

/* Begin XCConfigurationList section */
		7EE801DA1D180A900081740E /* Build configuration list for PBXProject "Converter" */ = {
			isa = XCConfigurationList;
			buildConfigurations = (
				7EE802051D180A900081740E /* Debug */,
				7EE802061D180A900081740E /* Release */,
			);
			defaultConfigurationIsVisible = 0;
			defaultConfigurationName = Release;
		};
		7EE802071D180A900081740E /* Build configuration list for PBXNativeTarget "Converter" */ = {
			isa = XCConfigurationList;
			buildConfigurations = (
				7EE802081D180A900081740E /* Debug */,
				7EE802091D180A900081740E /* Release */,
			);
			defaultConfigurationIsVisible = 0;
			defaultConfigurationName = Release;
		};
		7EE8020A1D180A900081740E /* Build configuration list for PBXNativeTarget "ConverterTests" */ = {
			isa = XCConfigurationList;
			buildConfigurations = (
				7EE8020B1D180A900081740E /* Debug */,
				7EE8020C1D180A900081740E /* Release */,
			);
			defaultConfigurationIsVisible = 0;
			defaultConfigurationName = Release;
		};
		7EE8020D1D180A900081740E /* Build configuration list for PBXNativeTarget "ConverterUITests" */ = {
			isa = XCConfigurationList;
			buildConfigurations = (
				7EE8020E1D180A900081740E /* Debug */,
				7EE8020F1D180A900081740E /* Release */,
			);
			defaultConfigurationIsVisible = 0;
			defaultConfigurationName = Release;
		};
/* End XCConfigurationList section */
	};
	rootObject = 7EE801D71D180A900081740E /* Project object */;
}
